
Microsoft Visual Studio Solution File, Format Version 12.00
# Visual Studio Version 17
VisualStudioVersion = 17.14.36414.22 d17.14
MinimumVisualStudioVersion = 10.0.40219.1
Project("{FAE04EC0-301F-11D3-BF4B-00C04F79EFBC}") = "CW_1_CS", "CW_1_CS\CW_1_CS.csproj", "{8BED1D83-A001-41FC-A89C-979596E0C468}"
EndProject
Project("{2150E333-8FDC-42A3-9474-1A3956D46DE8}") = "Solution Items", "Solution Items", "{8EC462FD-D22E-90A8-E5CE-7E832BA40C5D}"
	ProjectSection(SolutionItems) = preProject
		.gitignore = .gitignore
	EndProjectSection
EndProject
Global
	GlobalSection(SolutionConfigurationPlatforms) = preSolution
		Debug|Any CPU = Debug|Any CPU
		Release|Any CPU = Release|Any CPU
	EndGlobalSection
	GlobalSection(ProjectConfigurationPlatforms) = postSolution
		{8BED1D83-A001-41FC-A89C-979596E0C468}.Debug|Any CPU.ActiveCfg = Debug|Any CPU
		{8BED1D83-A001-41FC-A89C-979596E0C468}.Debug|Any CPU.Build.0 = Debug|Any CPU
		{8BED1D83-A001-41FC-A89C-979596E0C468}.Release|Any CPU.ActiveCfg = Release|Any CPU
		{8BED1D83-A001-41FC-A89C-979596E0C468}.Release|Any CPU.Build.0 = Release|Any CPU
	EndGlobalSection
	GlobalSection(SolutionProperties) = preSolution
		HideSolutionNode = FALSE
	EndGlobalSection
	GlobalSection(ExtensibilityGlobals) = postSolution
		SolutionGuid = {E9785553-AB72-427E-A5D5-49DDCB945DF2}
	EndGlobalSection
EndGlobal
